Microsoft Visual Studio Solution File, Format Version 12.00
# Visual Studio Version 17
VisualStudioVersion = 17.5.2.0
MinimumVisualStudioVersion = 10.0.40219.1
Project("{FAE04EC0-301F-11D3-BF4B-00C04F79EFBC}") = "DoDProject", "DoDProject.csproj", "{BAE24271-8C6D-6B57-3C30-F590E77C8800}"
EndProject
Global
	GlobalSection(SolutionConfigurationPlatforms) = preSolution
		Debug|Any CPU = Debug|Any CPU
		Release|Any CPU = Release|Any CPU
	EndGlobalSection
	GlobalSection(ProjectConfigurationPlatforms) = postSolution
		{BAE24271-8C6D-6B57-3C30-F590E77C8800}.Debug|Any CPU.ActiveCfg = Debug|Any CPU
		{BAE24271-8C6D-6B57-3C30-F590E77C8800}.Debug|Any CPU.Build.0 = Debug|Any CPU
		{BAE24271-8C6D-6B57-3C30-F590E77C8800}.Release|Any CPU.ActiveCfg = Release|Any CPU
		{BAE24271-8C6D-6B57-3C30-F590E77C8800}.Release|Any CPU.Build.0 = Release|Any CPU
	EndGlobalSection
	GlobalSection(SolutionProperties) = preSolution
		HideSolutionNode = FALSE
	EndGlobalSection
	GlobalSection(ExtensibilityGlobals) = postSolution
		SolutionGuid = {BBF7879F-B251-4635-A985-0964EB82C224}
	EndGlobalSection
EndGlobal
